
Microsoft Visual Studio Solution File, Format Version 12.00
# Visual Studio Version 17
VisualStudioVersion = 17.14.37531.7 d17.14
MinimumVisualStudioVersion = 10.0.40219.1
Project("{FAE04EC0-301F-11D3-BF4B-00C04F79EFBC}") = "Api", "Api\Api.csproj", "{10B62EF5-E33E-4E19-BD47-D73E3B0181F2}"
EndProject
Project("{FAE04EC0-301F-11D3-BF4B-00C04F79EFBC}") = "Domain", "Domain\Domain.csproj", "{7B6BECC1-C574-4008-9DB4-E2D4ED08B79F}"
EndProject
Project("{FAE04EC0-301F-11D3-BF4B-00C04F79EFBC}") = "Application", "Application\Application.csproj", "{CD34A543-5211-4084-AD96-324EFA36AC81}"
EndProject
Project("{FAE04EC0-301F-11D3-BF4B-00C04F79EFBC}") = "Infrastructure", "Infrastructure\Infrastructure.csproj", "{406C2544-78D5-4933-9397-522EC1E9F196}"
EndProject
Global
	GlobalSection(SolutionConfigurationPlatforms) = preSolution
		Debug|Any CPU = Debug|Any CPU
		Release|Any CPU = Release|Any CPU
	EndGlobalSection
	GlobalSection(ProjectConfigurationPlatforms) = postSolution
		{10B62EF5-E33E-4E19-BD47-D73E3B0181F2}.Debug|Any CPU.ActiveCfg = Debug|Any CPU
		{10B62EF5-E33E-4E19-BD47-D73E3B0181F2}.Debug|Any CPU.Build.0 = Debug|Any CPU
		{10B62EF5-E33E-4E19-BD47-D73E3B0181F2}.Release|Any CPU.ActiveCfg = Release|Any CPU
		{10B62EF5-E33E-4E19-BD47-D73E3B0181F2}.Release|Any CPU.Build.0 = Release|Any CPU
		{7B6BECC1-C574-4008-9DB4-E2D4ED08B79F}.Debug|Any CPU.ActiveCfg = Debug|Any CPU
		{7B6BECC1-C574-4008-9DB4-E2D4ED08B79F}.Debug|Any CPU.Build.0 = Debug|Any CPU
		{7B6BECC1-C574-4008-9DB4-E2D4ED08B79F}.Release|Any CPU.ActiveCfg = Release|Any CPU
		{7B6BECC1-C574-4008-9DB4-E2D4ED08B79F}.Release|Any CPU.Build.0 = Release|Any CPU
		{CD34A543-5211-4084-AD96-324EFA36AC81}.Debug|Any CPU.ActiveCfg = Debug|Any CPU
		{CD34A543-5211-4084-AD96-324EFA36AC81}.Debug|Any CPU.Build.0 = Debug|Any CPU
		{CD34A543-5211-4084-AD96-324EFA36AC81}.Release|Any CPU.ActiveCfg = Release|Any CPU
		{CD34A543-5211-4084-AD96-324EFA36AC81}.Release|Any CPU.Build.0 = Release|Any CPU
		{406C2544-78D5-4933-9397-522EC1E9F196}.Debug|Any CPU.ActiveCfg = Debug|Any CPU
		{406C2544-78D5-4933-9397-522EC1E9F196}.Debug|Any CPU.Build.0 = Debug|Any CPU
		{406C2544-78D5-4933-9397-522EC1E9F196}.Release|Any CPU.ActiveCfg = Release|Any CPU
		{406C2544-78D5-4933-9397-522EC1E9F196}.Release|Any CPU.Build.0 = Release|Any CPU
	EndGlobalSection
	GlobalSection(SolutionProperties) = preSolution
		HideSolutionNode = FALSE
	EndGlobalSection
	GlobalSection(ExtensibilityGlobals) = postSolution
		SolutionGuid = {853BD89E-8BF5-45F1-AECC-55A3A00AF1C3}
	EndGlobalSection
EndGlobal
